
Microsoft Visual Studio Solution File, Format Version 12.00
# Visual Studio Version 16
VisualStudioVersion = 16.0.30804.86
MinimumVisualStudioVersion = 10.0.40219.1
Project("{FAE04EC0-301F-11D3-BF4B-00C04F79EFBC}") = "Matur.UWP", "Matur\Matur.UWP\Matur.UWP.csproj", "{621A3E05-2716-49C4-8A2A-C13DECEF825A}"
EndProject
Project("{FAE04EC0-301F-11D3-BF4B-00C04F79EFBC}") = "Matur.Android", "Matur\Matur.Android\Matur.Android.csproj", "{67C31D41-491D-4FAC-B859-8843204F3698}"
EndProject
Project("{FAE04EC0-301F-11D3-BF4B-00C04F79EFBC}") = "Matur.iOS", "Matur\Matur.iOS\Matur.iOS.csproj", "{64EC763D-14B1-47BA-A92D-16A5652D3785}"
EndProject
Project("{FAE04EC0-301F-11D3-BF4B-00C04F79EFBC}") = "Matur", "Matur\Matur\Matur.csproj", "{A98D582A-0D95-4137-9F73-2283BC4C3C0B}"
EndProject
Global
	GlobalSection(SolutionConfigurationPlatforms) = preSolution
		Debug|Any CPU = Debug|Any CPU
		Debug|ARM = Debug|ARM
		Debug|iPhone = Debug|iPhone
		Debug|iPhoneSimulator = Debug|iPhoneSimulator
		Debug|x64 = Debug|x64
		Debug|x86 = Debug|x86
		Release|Any CPU = Release|Any CPU
		Release|ARM = Release|ARM
		Release|iPhone = Release|iPhone
		Release|iPhoneSimulator = Release|iPhoneSimulator
		Release|x64 = Release|x64
		Release|x86 = Release|x86
	EndGlobalSection
	GlobalSection(ProjectConfigurationPlatforms) = postSolution
		{621A3E05-2716-49C4-8A2A-C13DECEF825A}.Debug|Any CPU.ActiveCfg = Debug|x86
		{621A3E05-2716-49C4-8A2A-C13DECEF825A}.Debug|Any CPU.Build.0 = Debug|x86
		{621A3E05-2716-49C4-8A2A-C13DECEF825A}.Debug|Any CPU.Deploy.0 = Debug|x86
		{621A3E05-2716-49C4-8A2A-C13DECEF825A}.Debug|ARM.ActiveCfg = Debug|ARM
		{621A3E05-2716-49C4-8A2A-C13DECEF825A}.Debug|ARM.Build.0 = Debug|ARM
		{621A3E05-2716-49C4-8A2A-C13DECEF825A}.Debug|ARM.Deploy.0 = Debug|ARM
		{621A3E05-2716-49C4-8A2A-C13DECEF825A}.Debug|iPhone.ActiveCfg = Debug|x86
		{621A3E05-2716-49C4-8A2A-C13DECEF825A}.Debug|iPhone.Build.0 = Debug|x86
		{621A3E05-2716-49C4-8A2A-C13DECEF825A}.Debug|iPhone.Deploy.0 = Debug|x86
		{621A3E05-2716-49C4-8A2A-C13DECEF825A}.Debug|iPhoneSimulator.ActiveCfg = Debug|x86
		{621A3E05-2716-49C4-8A2A-C13DECEF825A}.Debug|iPhoneSimulator.Build.0 = Debug|x86
		{621A3E05-2716-49C4-8A2A-C13DECEF825A}.Debug|iPhoneSimulator.Deploy.0 = Debug|x86
		{621A3E05-2716-49C4-8A2A-C13DECEF825A}.Debug|x64.ActiveCfg = Debug|x64
		{621A3E05-2716-49C4-8A2A-C13DECEF825A}.Debug|x64.Build.0 = Debug|x64
		{621A3E05-2716-49C4-8A2A-C13DECEF825A}.Debug|x64.Deploy.0 = Debug|x64
		{621A3E05-2716-49C4-8A2A-C13DECEF825A}.Debug|x86.ActiveCfg = Debug|x86
		{621A3E05-2716-49C4-8A2A-C13DECEF825A}.Debug|x86.Build.0 = Debug|x86
		{621A3E05-2716-49C4-8A2A-C13DECEF825A}.Debug|x86.Deploy.0 = Debug|x86
		{621A3E05-2716-49C4-8A2A-C13DECEF825A}.Release|Any CPU.ActiveCfg = Release|x86
		{621A3E05-2716-49C4-8A2A-C13DECEF825A}.Release|Any CPU.Build.0 = Release|x86
		{621A3E05-2716-49C4-8A2A-C13DECEF825A}.Release|Any CPU.Deploy.0 = Release|x86
		{621A3E05-2716-49C4-8A2A-C13DECEF825A}.Release|ARM.ActiveCfg = Release|ARM
		{621A3E05-2716-49C4-8A2A-C13DECEF825A}.Release|ARM.Build.0 = Release|ARM
		{621A3E05-2716-49C4-8A2A-C13DECEF825A}.Release|ARM.Deploy.0 = Release|ARM
		{621A3E05-2716-49C4-8A2A-C13DECEF825A}.Release|iPhone.ActiveCfg = Release|x86
		{621A3E05-2716-49C4-8A2A-C13DECEF825A}.Release|iPhone.Build.0 = Release|x86
		{621A3E05-2716-49C4-8A2A-C13DECEF825A}.Release|iPhone.Deploy.0 = Release|x86
		{621A3E05-2716-49C4-8A2A-C13DECEF825A}.Release|iPhoneSimulator.ActiveCfg = Release|x86
		{621A3E05-2716-49C4-8A2A-C13DECEF825A}.Release|iPhoneSimulator.Build.0 = Release|x86
		{621A3E05-2716-49C4-8A2A-C13DECEF825A}.Release|iPhoneSimulator.Deploy.0 = Release|x86
		{621A3E05-2716-49C4-8A2A-C13DECEF825A}.Release|x64.ActiveCfg = Release|x64
		{621A3E05-2716-49C4-8A2A-C13DECEF825A}.Release|x64.Build.0 = Release|x64
		{621A3E05-2716-49C4-8A2A-C13DECEF825A}.Release|x64.Deploy.0 = Release|x64
		{621A3E05-2716-49C4-8A2A-C13DECEF825A}.Release|x86.ActiveCfg = Release|x86
		{621A3E05-2716-49C4-8A2A-C13DECEF825A}.Release|x86.Build.0 = Release|x86
		{621A3E05-2716-49C4-8A2A-C13DECEF825A}.Release|x86.Deploy.0 = Release|x86
		{67C31D41-491D-4FAC-B859-8843204F3698}.Debug|Any CPU.ActiveCfg = Debug|Any CPU
		{67C31D41-491D-4FAC-B859-8843204F3698}.Debug|Any CPU.Build.0 = Debug|Any CPU
		{67C31D41-491D-4FAC-B859-8843204F3698}.Debug|Any CPU.Deploy.0 = Debug|Any CPU
		{67C31D41-491D-4FAC-B859-8843204F3698}.Debug|ARM.ActiveCfg = Debug|Any CPU
		{67C31D41-491D-4FAC-B859-8843204F3698}.Debug|ARM.Build.0 = Debug|Any CPU
		{67C31D41-491D-4FAC-B859-8843204F3698}.Debug|ARM.Deploy.0 = Debug|Any CPU
		{67C31D41-491D-4FAC-B859-8843204F3698}.Debug|iPhone.ActiveCfg = Debug|Any CPU
		{67C31D41-491D-4FAC-B859-8843204F3698}.Debug|iPhone.Build.0 = Debug|Any CPU
		{67C31D41-491D-4FAC-B859-8843204F3698}.Debug|iPhone.Deploy.0 = Debug|Any CPU
		{67C31D41-491D-4FAC-B859-8843204F3698}.Debug|iPhoneSimulator.ActiveCfg = Debug|Any CPU
		{67C31D41-491D-4FAC-B859-8843204F3698}.Debug|iPhoneSimulator.Build.0 = Debug|Any CPU
		{67C31D41-491D-4FAC-B859-8843204F3698}.Debug|iPhoneSimulator.Deploy.0 = Debug|Any CPU
		{67C31D41-491D-4FAC-B859-8843204F3698}.Debug|x64.ActiveCfg = Debug|Any CPU
		{67C31D41-491D-4FAC-B859-8843204F3698}.Debug|x64.Build.0 = Debug|Any CPU
		{67C31D41-491D-4FAC-B859-8843204F3698}.Debug|x64.Deploy.0 = Debug|Any CPU
		{67C31D41-491D-4FAC-B859-8843204F3698}.Debug|x86.ActiveCfg = Debug|Any CPU
		{67C31D41-491D-4FAC-B859-8843204F3698}.Debug|x86.Build.0 = Debug|Any CPU
		{67C31D41-491D-4FAC-B859-8843204F3698}.Debug|x86.Deploy.0 = Debug|Any CPU
		{67C31D41-491D-4FAC-B859-8843204F3698}.Release|Any CPU.ActiveCfg = Release|Any CPU
		{67C31D41-491D-4FAC-B859-8843204F3698}.Release|Any CPU.Build.0 = Release|Any CPU
		{67C31D41-491D-4FAC-B859-8843204F3698}.Release|Any CPU.Deploy.0 = Release|Any CPU
		{67C31D41-491D-4FAC-B859-8843204F3698}.Release|ARM.ActiveCfg = Release|Any CPU
		{67C31D41-491D-4FAC-B859-8843204F3698}.Release|ARM.Build.0 = Release|Any CPU
		{67C31D41-491D-4FAC-B859-8843204F3698}.Release|ARM.Deploy.0 = Release|Any CPU
		{67C31D41-491D-4FAC-B859-8843204F3698}.Release|iPhone.ActiveCfg = Release|Any CPU
		{67C31D41-491D-4FAC-B859-8843204F3698}.Release|iPhone.Build.0 = Release|Any CPU
		{67C31D41-491D-4FAC-B859-8843204F3698}.Release|iPhone.Deploy.0 = Release|Any CPU
		{67C31D41-491D-4FAC-B859-8843204F3698}.Release|iPhoneSimulator.ActiveCfg = Release|Any CPU
		{67C31D41-491D-4FAC-B859-8843204F3698}.Release|iPhoneSimulator.Build.0 = Release|Any CPU
		{67C31D41-491D-4FAC-B859-8843204F3698}.Release|iPhoneSimulator.Deploy.0 = Release|Any CPU
		{67C31D41-491D-4FAC-B859-8843204F3698}.Release|x64.ActiveCfg = Release|Any CPU
		{67C31D41-491D-4FAC-B859-8843204F3698}.Release|x64.Build.0 = Release|Any CPU
		{67C31D41-491D-4FAC-B859-8843204F3698}.Release|x64.Deploy.0 = Release|Any CPU
		{67C31D41-491D-4FAC-B859-8843204F3698}.Release|x86.ActiveCfg = Release|Any CPU
		{67C31D41-491D-4FAC-B859-8843204F3698}.Release|x86.Build.0 = Release|Any CPU
		{67C31D41-491D-4FAC-B859-8843204F3698}.Release|x86.Deploy.0 = Release|Any CPU
		{64EC763D-14B1-47BA-A92D-16A5652D3785}.Debug|Any CPU.ActiveCfg = Debug|iPhoneSimulator
		{64EC763D-14B1-47BA-A92D-16A5652D3785}.Debug|Any CPU.Build.0 = Debug|iPhoneSimulator
		{64EC763D-14B1-47BA-A92D-16A5652D3785}.Debug|Any CPU.Deploy.0 = Debug|iPhoneSimulator
		{64EC763D-14B1-47BA-A92D-16A5652D3785}.Debug|ARM.ActiveCfg = Debug|iPhone
		{64EC763D-14B1-47BA-A92D-16A5652D3785}.Debug|ARM.Build.0 = Debug|iPhone
		{64EC763D-14B1-47BA-A92D-16A5652D3785}.Debug|ARM.Deploy.0 = Debug|iPhone
		{64EC763D-14B1-47BA-A92D-16A5652D3785}.Debug|iPhone.ActiveCfg = Debug|iPhone
		{64EC763D-14B1-47BA-A92D-16A5652D3785}.Debug|iPhone.Build.0 = Debug|iPhone
		{64EC763D-14B1-47BA-A92D-16A5652D3785}.Debug|iPhone.Deploy.0 = Debug|iPhone
		{64EC763D-14B1-47BA-A92D-16A5652D3785}.Debug|iPhoneSimulator.ActiveCfg = Debug|iPhoneSimulator
		{64EC763D-14B1-47BA-A92D-16A5652D3785}.Debug|iPhoneSimulator.Build.0 = Debug|iPhoneSimulator
		{64EC763D-14B1-47BA-A92D-16A5652D3785}.Debug|iPhoneSimulator.Deploy.0 = Debug|iPhoneSimulator
		{64EC763D-14B1-47BA-A92D-16A5652D3785}.Debug|x64.ActiveCfg = Debug|iPhoneSimulator
		{64EC763D-14B1-47BA-A92D-16A5652D3785}.Debug|x64.Build.0 = Debug|iPhoneSimulator
		{64EC763D-14B1-47BA-A92D-16A5652D3785}.Debug|x64.Deploy.0 = Debug|iPhoneSimulator
		{64EC763D-14B1-47BA-A92D-16A5652D3785}.Debug|x86.ActiveCfg = Debug|iPhoneSimulator
		{64EC763D-14B1-47BA-A92D-16A5652D3785}.Debug|x86.Build.0 = Debug|iPhoneSimulator
		{64EC763D-14B1-47BA-A92D-16A5652D3785}.Debug|x86.Deploy.0 = Debug|iPhoneSimulator
		{64EC763D-14B1-47BA-A92D-16A5652D3785}.Release|Any CPU.ActiveCfg = Release|iPhoneSimulator
		{64EC763D-14B1-47BA-A92D-16A5652D3785}.Release|Any CPU.Build.0 = Release|iPhoneSimulator
		{64EC763D-14B1-47BA-A92D-16A5652D3785}.Release|Any CPU.Deploy.0 = Release|iPhoneSimulator
		{64EC763D-14B1-47BA-A92D-16A5652D3785}.Release|ARM.ActiveCfg = Release|iPhoneSimulator
		{64EC763D-14B1-47BA-A92D-16A5652D3785}.Release|ARM.Build.0 = Release|iPhoneSimulator
		{64EC763D-14B1-47BA-A92D-16A5652D3785}.Release|ARM.Deploy.0 = Release|iPhoneSimulator
		{64EC763D-14B1-47BA-A92D-16A5652D3785}.Release|iPhone.ActiveCfg = Release|iPhone
		{64EC763D-14B1-47BA-A92D-16A5652D3785}.Release|iPhone.Build.0 = Release|iPhone
		{64EC763D-14B1-47BA-A92D-16A5652D3785}.Release|iPhone.Deploy.0 = Release|iPhone
		{64EC763D-14B1-47BA-A92D-16A5652D3785}.Release|iPhoneSimulator.ActiveCfg = Release|iPhoneSimulator
		{64EC763D-14B1-47BA-A92D-16A5652D3785}.Release|iPhoneSimulator.Build.0 = Release|iPhoneSimulator
		{64EC763D-14B1-47BA-A92D-16A5652D3785}.Release|iPhoneSimulator.Deploy.0 = Release|iPhoneSimulator
		{64EC763D-14B1-47BA-A92D-16A5652D3785}.Release|x64.ActiveCfg = Release|iPhoneSimulator
		{64EC763D-14B1-47BA-A92D-16A5652D3785}.Release|x64.Build.0 = Release|iPhoneSimulator
		{64EC763D-14B1-47BA-A92D-16A5652D3785}.Release|x64.Deploy.0 = Release|iPhoneSimulator
		{64EC763D-14B1-47BA-A92D-16A5652D3785}.Release|x86.ActiveCfg = Release|iPhoneSimulator
		{64EC763D-14B1-47BA-A92D-16A5652D3785}.Release|x86.Build.0 = Release|iPhoneSimulator
		{64EC763D-14B1-47BA-A92D-16A5652D3785}.Release|x86.Deploy.0 = Release|iPhoneSimulator
		{A98D582A-0D95-4137-9F73-2283BC4C3C0B}.Debug|Any CPU.ActiveCfg = Debug|Any CPU
		{A98D582A-0D95-4137-9F73-2283BC4C3C0B}.Debug|Any CPU.Build.0 = Debug|Any CPU
		{A98D582A-0D95-4137-9F73-2283BC4C3C0B}.Debug|Any CPU.Deploy.0 = Debug|Any CPU
		{A98D582A-0D95-4137-9F73-2283BC4C3C0B}.Debug|ARM.ActiveCfg = Debug|Any CPU
		{A98D582A-0D95-4137-9F73-2283BC4C3C0B}.Debug|ARM.Build.0 = Debug|Any CPU
		{A98D582A-0D95-4137-9F73-2283BC4C3C0B}.Debug|ARM.Deploy.0 = Debug|Any CPU
		{A98D582A-0D95-4137-9F73-2283BC4C3C0B}.Debug|iPhone.ActiveCfg = Debug|Any CPU
		{A98D582A-0D95-4137-9F73-2283BC4C3C0B}.Debug|iPhone.Build.0 = Debug|Any CPU
		{A98D582A-0D95-4137-9F73-2283BC4C3C0B}.Debug|iPhone.Deploy.0 = Debug|Any CPU
		{A98D582A-0D95-4137-9F73-2283BC4C3C0B}.Debug|iPhoneSimulator.ActiveCfg = Debug|Any CPU
		{A98D582A-0D95-4137-9F73-2283BC4C3C0B}.Debug|iPhoneSimulator.Build.0 = Debug|Any CPU
		{A98D582A-0D95-4137-9F73-2283BC4C3C0B}.Debug|iPhoneSimulator.Deploy.0 = Debug|Any CPU
		{A98D582A-0D95-4137-9F73-2283BC4C3C0B}.Debug|x64.ActiveCfg = Debug|Any CPU
		{A98D582A-0D95-4137-9F73-2283BC4C3C0B}.Debug|x64.Build.0 = Debug|Any CPU
		{A98D582A-0D95-4137-9F73-2283BC4C3C0B}.Debug|x64.Deploy.0 = Debug|Any CPU
		{A98D582A-0D95-4137-9F73-2283BC4C3C0B}.Debug|x86.ActiveCfg = Debug|Any CPU
		{A98D582A-0D95-4137-9F73-2283BC4C3C0B}.Debug|x86.Build.0 = Debug|Any CPU
		{A98D582A-0D95-4137-9F73-2283BC4C3C0B}.Debug|x86.Deploy.0 = Debug|Any CPU
		{A98D582A-0D95-4137-9F73-2283BC4C3C0B}.Release|Any CPU.ActiveCfg = Release|Any CPU
		{A98D582A-0D95-4137-9F73-2283BC4C3C0B}.Release|Any CPU.Build.0 = Release|Any CPU
		{A98D582A-0D95-4137-9F73-2283BC4C3C0B}.Release|Any CPU.Deploy.0 = Release|Any CPU
		{A98D582A-0D95-4137-9F73-2283BC4C3C0B}.Release|ARM.ActiveCfg = Release|Any CPU
		{A98D582A-0D95-4137-9F73-2283BC4C3C0B}.Release|ARM.Build.0 = Release|Any CPU
		{A98D582A-0D95-4137-9F73-2283BC4C3C0B}.Release|ARM.Deploy.0 = Release|Any CPU
		{A98D582A-0D95-4137-9F73-2283BC4C3C0B}.Release|iPhone.ActiveCfg = Release|Any CPU
		{A98D582A-0D95-4137-9F73-2283BC4C3C0B}.Release|iPhone.Build.0 = Release|Any CPU
		{A98D582A-0D95-4137-9F73-2283BC4C3C0B}.Release|iPhone.Deploy.0 = Release|Any CPU
		{A98D582A-0D95-4137-9F73-2283BC4C3C0B}.Release|iPhoneSimulator.ActiveCfg = Release|Any CPU
		{A98D582A-0D95-4137-9F73-2283BC4C3C0B}.Release|iPhoneSimulator.Build.0 = Release|Any CPU
		{A98D582A-0D95-4137-9F73-2283BC4C3C0B}.Release|iPhoneSimulator.Deploy.0 = Release|Any CPU
		{A98D582A-0D95-4137-9F73-2283BC4C3C0B}.Release|x64.ActiveCfg = Release|Any CPU
		{A98D582A-0D95-4137-9F73-2283BC4C3C0B}.Release|x64.Build.0 = Release|Any CPU
		{A98D582A-0D95-4137-9F73-2283BC4C3C0B}.Release|x64.Deploy.0 = Release|Any CPU
		{A98D582A-0D95-4137-9F73-2283BC4C3C0B}.Release|x86.ActiveCfg = Release|Any CPU
		{A98D582A-0D95-4137-9F73-2283BC4C3C0B}.Release|x86.Build.0 = Release|Any CPU
		{A98D582A-0D95-4137-9F73-2283BC4C3C0B}.Release|x86.Deploy.0 = Release|Any CPU
	EndGlobalSection
	GlobalSection(SolutionProperties) = preSolution
		HideSolutionNode = FALSE
	EndGlobalSection
	GlobalSection(ExtensibilityGlobals) = postSolution
		SolutionGuid = {77EF09FA-7CB5-4D9B-89D8-5692BF60139F}
	EndGlobalSection
EndGlobal
